
Microsoft Visual Studio Solution File, Format Version 11.00
# Visual Studio 2010
Project("{F2A71F9B-5D33-465A-A702-920D77279786}") = "AMQP", "AMQP.fsproj", "{40B99DB4-9D89-458A-A56B-31006F3D025B}"
EndProject
Global
	GlobalSection(SolutionConfigurationPlatforms) = preSolution
		Debug|Any CPU = Debug|Any CPU
		Release|Any CPU = Release|Any CPU
	EndGlobalSection
	GlobalSection(ProjectConfigurationPlatforms) = postSolution
		{40B99DB4-9D89-458A-A56B-31006F3D025B}.Debug|Any CPU.ActiveCfg = Debug|Any CPU
		{40B99DB4-9D89-458A-A56B-31006F3D025B}.Debug|Any CPU.Build.0 = Debug|Any CPU
		{40B99DB4-9D89-458A-A56B-31006F3D025B}.Release|Any CPU.ActiveCfg = Release|Any CPU
		{40B99DB4-9D89-458A-A56B-31006F3D025B}.Release|Any CPU.Build.0 = Release|Any CPU
	EndGlobalSection
	GlobalSection(SolutionProperties) = preSolution
		HideSolutionNode = FALSE
	EndGlobalSection
EndGlobal
